[[package]]
category = "dev"
description = "Optional static typing for Python"
name = "mypy"
optional = false
python-versions = "*"
version = "0.650"

[package.dependencies]
mypy-extensions = ">=0.4.0,<0.5.0"
typed-ast = ">=1.1.0,<1.2.0"

[[package]]
category = "dev"
description = "Experimental type system extensions for programs checked with the mypy typechecker."
name = "mypy-extensions"
optional = false
python-versions = "*"
version = "0.4.1"

[[package]]
category = "dev"
description = "a fork of Python 2 and 3 ast modules with type comment support"
name = "typed-ast"
optional = false
python-versions = "*"
version = "1.1.2"

[[package]]
category = "main"
description = "Type Hints for Python"
name = "typing"
optional = false
python-versions = "*"
version = "3.6.6"

[[package]]
category = "main"
description = "Backported and Experimental Type Hints for Python 3.5+"
name = "typing-extensions"
optional = false
python-versions = "*"
version = "3.7.2"

[package.dependencies]
typing = ">=3.6.2"

[metadata]
content-hash = "417f5797fd84800811645ede4200b4d96df4fb985cb7e26a3f2fffe649b146f6"
python-versions = "^3.7"

[metadata.hashes]
mypy = ["12d965c9c4e8a625673aec493162cf390e66de12ef176b1f4821ac00d55f3ab3", "38d5b5f835a81817dcc0af8d155bce4e9aefa03794fe32ed154d6612e83feafa"]
mypy-extensions = ["37e0e956f41369209a3d5f34580150bcacfabaa57b33a15c0b25f4b5725e0812", "b16cabe759f55e3409a7d231ebd2841378fb0c27a5d1994719e340e4f429ac3e"]
typed-ast = ["0cf0c406af2a6472a02254fe1ced40cb81a7c1215b7ceba88a3bb9c3a864f851", "1b784cd3c6778cd7b99afb41ddcaa1eb5b35a399210db7fcf24ed082670e0070", "2d7a322c1df6cccff2381c0475c1ebf82d3e9a331e48ed4ea89bbc72a8dedca6", "4304399ff89452871348f6fb7a7112454cd508fbe3eb49b5ed711cce9b99fe9e", "4658aebc30c0af80e63b579e917c04b592bdf10ef40da381b2fd179075b5d1b6", "471a7f12e55ad22f7a4bb2c3e62e39e3ab78008b24c61c48c9042e63b7359bb9", "57cb23412dac214383c6b6f0f7b0aec2d0c001a936af20f0b53542bbe4ba08a7", "5eb14e6b3aa5ff5d7e964b978a718227b5576b3965f1dd71dd055f71054233a5", "8219b6147af4d609096b6db2c797281e19fd3f7232ef35932bc74a812ff417a0", "8a7e9635cf0aaca04b2a4d4b3501c0dbc5c49a140b2e55b00e218d41ed2a69c8", "935157ada4aa115d61c59e759e43c5862b04d19ffe6fe5c9d735716587535cb7", "9525f4cbe3eb7b9e19a87c765ca9bbc1147ce18f75059e15138eb7fc59ce02e3", "99c140583eef6b50f3de4af44718a4fc63108671b29c468b5ff83ed383facf6d", "9e358ce6d4c43a90c15b99b76261adc852998680628c780f26fd64bc21adb9fa", "aaf63a024b54d2788cff3400de79009ee8a23594b581d4f33d90b7c67f8c05bd", "c3313b3fa1b6b722866eda370c14fd8f4962b6bcd1f6d43f42d6818a8b29d998", "c9342947e5f3480473d836754d69965a12ac2237d99ae85d1e3fdd1c1722669f", "cb1c7e5b3195103f5a784db7969fc55463cfae9b354e3b97cc219d32293d5e65", "d2d2cce74165cae2663167c921e331fb0eecfff2e93254dfdb16beb99716e519", "d6fc3b9fbf67d556223aa5493501022e1d585b9a1892fa87ba1257627763c461", "fa4eafaa57074958f065c2a6222d8f11162739f8c9db125472a1f04794a0b91d"]
typing = ["4027c5f6127a6267a435201981ba156de91ad0d1d98e9ddc2aa173453453492d", "57dcf675a99b74d64dacf6fba08fb17cf7e3d5fdff53d4a30ea2a5e7e52543d4", "a4c8473ce11a65999c8f59cb093e70686b6c84c98df58c1dae9b3b196089858a"]
typing-extensions = ["07b2c978670896022a43c4b915df8958bec4a6b84add7f2c87b2b728bda3ba64", "f3f0e67e1d42de47b5c67c32c9b26641642e9170fe7e292991793705cd5fef7c", "fb2cd053238d33a8ec939190f30cfd736c00653a85a2919415cecf7dc3d9da71"]
